
Microsoft Visual Studio Solution File, Format Version 10.00
# Visual Studio 2008
Project("{FAE04EC0-301F-11D3-BF4B-00C04F79EFBC}") = "Hash_Analyzer", "cs276_bjt_11-2-2008_hashFunctions\Hash_Analyzer.csproj", "{5D8C3765-D6B6-452B-8337-0876E5023A8E}"
EndProject
Global
	GlobalSection(SolutionConfigurationPlatforms) = preSolution
		Debug|Any CPU = Debug|Any CPU
		Release|Any CPU = Release|Any CPU
	EndGlobalSection
	GlobalSection(ProjectConfigurationPlatforms) = postSolution
		{5D8C3765-D6B6-452B-8337-0876E5023A8E}.Debug|Any CPU.ActiveCfg = Debug|Any CPU
		{5D8C3765-D6B6-452B-8337-0876E5023A8E}.Debug|Any CPU.Build.0 = Debug|Any CPU
		{5D8C3765-D6B6-452B-8337-0876E5023A8E}.Release|Any CPU.ActiveCfg = Release|Any CPU
		{5D8C3765-D6B6-452B-8337-0876E5023A8E}.Release|Any CPU.Build.0 = Release|Any CPU
	EndGlobalSection
	GlobalSection(SolutionProperties) = preSolution
		HideSolutionNode = FALSE
	EndGlobalSection
EndGlobal
